// !$*UTF8*$!
{
	archiveVersion = 1;
	classes = {
	};
	objectVersion = 50;
	objects = {

/* Begin PBXBuildFile section */
		FB8345D723A1486C002B4B7E /* AppDelegate.swift in Sources */ = {isa = PBXBuildFile; fileRef = FB8345D623A1486C002B4B7E /* AppDelegate.swift */; };
		FB8345D923A1486C002B4B7E /* SceneDelegate.swift in Sources */ = {isa = PBXBuildFile; fileRef = FB8345D823A1486C002B4B7E /* SceneDelegate.swift */; };
		FB8345DB23A1486C002B4B7E /* ViewController.swift in Sources */ = {isa = PBXBuildFile; fileRef = FB8345DA23A1486C002B4B7E /* ViewController.swift */; };
		FB8345DE23A1486C002B4B7E /* Main.storyboard in Resources */ = {isa = PBXBuildFile; fileRef = FB8345DC23A1486C002B4B7E /* Main.storyboard */; };
		FB8345E023A1486D002B4B7E /* Assets.xcassets in Resources */ = {isa = PBXBuildFile; fileRef = FB8345DF23A1486D002B4B7E /* Assets.xcassets */; };
		FB8345E323A1486D002B4B7E /* LaunchScreen.storyboard in Resources */ = {isa = PBXBuildFile; fileRef = FB8345E123A1486D002B4B7E /* LaunchScreen.storyboard */; };
		FB8345EE23A1486D002B4B7E /* SwiftExtensionsTests.swift in Sources */ = {isa = PBXBuildFile; fileRef = FB8345ED23A1486D002B4B7E /* SwiftExtensionsTests.swift */; };
		FB83460923A14893002B4B7E /* SEKeyboardManager.swift in Sources */ = {isa = PBXBuildFile; fileRef = FB8345FB23A14893002B4B7E /* SEKeyboardManager.swift */; };
		FB83460A23A14893002B4B7E /* SEAnimation.swift in Sources */ = {isa = PBXBuildFile; fileRef = FB8345FC23A14893002B4B7E /* SEAnimation.swift */; };
		FB83460B23A14893002B4B7E /* SEDebug.swift in Sources */ = {isa = PBXBuildFile; fileRef = FB8345FD23A14893002B4B7E /* SEDebug.swift */; };
		FB83460C23A14893002B4B7E /* UIView.swift in Sources */ = {isa = PBXBuildFile; fileRef = FB8345FF23A14893002B4B7E /* UIView.swift */; };
		FB83460D23A14893002B4B7E /* UIColor.swift in Sources */ = {isa = PBXBuildFile; fileRef = FB83460023A14893002B4B7E /* UIColor.swift */; };
		FB83460E23A14893002B4B7E /* UITextField.swift in Sources */ = {isa = PBXBuildFile; fileRef = FB83460123A14893002B4B7E /* UITextField.swift */; };
		FB83460F23A14893002B4B7E /* UIViewController.swift in Sources */ = {isa = PBXBuildFile; fileRef = FB83460223A14893002B4B7E /* UIViewController.swift */; };
		FB83461023A14893002B4B7E /* UIApplication.swift in Sources */ = {isa = PBXBuildFile; fileRef = FB83460323A14893002B4B7E /* UIApplication.swift */; };
		FB83461123A14893002B4B7E /* Date.swift in Sources */ = {isa = PBXBuildFile; fileRef = FB83460523A14893002B4B7E /* Date.swift */; };
		FB83461223A14893002B4B7E /* SETextField.swift in Sources */ = {isa = PBXBuildFile; fileRef = FB83460723A14893002B4B7E /* SETextField.swift */; };
		FB83461323A14893002B4B7E /* SEButton.swift in Sources */ = {isa = PBXBuildFile; fileRef = FB83460823A14893002B4B7E /* SEButton.swift */; };
/* End PBXBuildFile section */

/* Begin PBXContainerItemProxy section */
		FB8345EA23A1486D002B4B7E /* PBXContainerItemProxy */ = {
			isa = PBXContainerItemProxy;
			containerPortal = FB8345CB23A1486C002B4B7E /* Project object */;
			proxyType = 1;
			remoteGlobalIDString = FB8345D223A1486C002B4B7E;
			remoteInfo = SwiftExtensions;
		};
/* End PBXContainerItemProxy section */

/* Begin PBXFileReference section */
		FB8345D323A1486C002B4B7E /* SwiftExtensions.app */ = {isa = PBXFileReference; explicitFileType = wrapper.application; includeInIndex = 0; path = SwiftExtensions.app; sourceTree = BUILT_PRODUCTS_DIR; };
		FB8345D623A1486C002B4B7E /* AppDelegate.swift */ = {isa = PBXFileReference; lastKnownFileType = sourcecode.swift; path = AppDelegate.swift; sourceTree = "<group>"; };
		FB8345D823A1486C002B4B7E /* SceneDelegate.swift */ = {isa = PBXFileReference; lastKnownFileType = sourcecode.swift; path = SceneDelegate.swift; sourceTree = "<group>"; };
		FB8345DA23A1486C002B4B7E /* ViewController.swift */ = {isa = PBXFileReference; lastKnownFileType = sourcecode.swift; path = ViewController.swift; sourceTree = "<group>"; };
		FB8345DD23A1486C002B4B7E /* Base */ = {isa = PBXFileReference; lastKnownFileType = file.storyboard; name = Base; path = Base.lproj/Main.storyboard; sourceTree = "<group>"; };
		FB8345DF23A1486D002B4B7E /* Assets.xcassets */ = {isa = PBXFileReference; lastKnownFileType = folder.assetcatalog; path = Assets.xcassets; sourceTree = "<group>"; };
		FB8345E223A1486D002B4B7E /* Base */ = {isa = PBXFileReference; lastKnownFileType = file.storyboard; name = Base; path = Base.lproj/LaunchScreen.storyboard; sourceTree = "<group>"; };
		FB8345E423A1486D002B4B7E /* Info.plist */ = {isa = PBXFileReference; lastKnownFileType = text.plist.xml; path = Info.plist; sourceTree = "<group>"; };
		FB8345E923A1486D002B4B7E /* SwiftExtensionsTests.xctest */ = {isa = PBXFileReference; explicitFileType = wrapper.cfbundle; includeInIndex = 0; path = SwiftExtensionsTests.xctest; sourceTree = BUILT_PRODUCTS_DIR; };
		FB8345ED23A1486D002B4B7E /* SwiftExtensionsTests.swift */ = {isa = PBXFileReference; lastKnownFileType = sourcecode.swift; path = SwiftExtensionsTests.swift; sourceTree = "<group>"; };
		FB8345EF23A1486D002B4B7E /* Info.plist */ = {isa = PBXFileReference; lastKnownFileType = text.plist.xml; path = Info.plist; sourceTree = "<group>"; };
		FB8345FB23A14893002B4B7E /* SEKeyboardManager.swift */ = {isa = PBXFileReference; fileEncoding = 4; lastKnownFileType = sourcecode.swift; path = SEKeyboardManager.swift; sourceTree = "<group>"; };
		FB8345FC23A14893002B4B7E /* SEAnimation.swift */ = {isa = PBXFileReference; fileEncoding = 4; lastKnownFileType = sourcecode.swift; path = SEAnimation.swift; sourceTree = "<group>"; };
		FB8345FD23A14893002B4B7E /* SEDebug.swift */ = {isa = PBXFileReference; fileEncoding = 4; lastKnownFileType = sourcecode.swift; path = SEDebug.swift; sourceTree = "<group>"; };
		FB8345FF23A14893002B4B7E /* UIView.swift */ = {isa = PBXFileReference; fileEncoding = 4; lastKnownFileType = sourcecode.swift; path = UIView.swift; sourceTree = "<group>"; };
		FB83460023A14893002B4B7E /* UIColor.swift */ = {isa = PBXFileReference; fileEncoding = 4; lastKnownFileType = sourcecode.swift; path = UIColor.swift; sourceTree = "<group>"; };
		FB83460123A14893002B4B7E /* UITextField.swift */ = {isa = PBXFileReference; fileEncoding = 4; lastKnownFileType = sourcecode.swift; path = UITextField.swift; sourceTree = "<group>"; };
		FB83460223A14893002B4B7E /* UIViewController.swift */ = {isa = PBXFileReference; fileEncoding = 4; lastKnownFileType = sourcecode.swift; path = UIViewController.swift; sourceTree = "<group>"; };
		FB83460323A14893002B4B7E /* UIApplication.swift */ = {isa = PBXFileReference; fileEncoding = 4; lastKnownFileType = sourcecode.swift; path = UIApplication.swift; sourceTree = "<group>"; };
		FB83460523A14893002B4B7E /* Date.swift */ = {isa = PBXFileReference; fileEncoding = 4; lastKnownFileType = sourcecode.swift; path = Date.swift; sourceTree = "<group>"; };
		FB83460723A14893002B4B7E /* SETextField.swift */ = {isa = PBXFileReference; fileEncoding = 4; lastKnownFileType = sourcecode.swift; path = SETextField.swift; sourceTree = "<group>"; };
		FB83460823A14893002B4B7E /* SEButton.swift */ = {isa = PBXFileReference; fileEncoding = 4; lastKnownFileType = sourcecode.swift; path = SEButton.swift; sourceTree = "<group>"; };
/* End PBXFileReference section */

/* Begin PBXFrameworksBuildPhase section */
		FB8345D023A1486C002B4B7E /* Frameworks */ = {
			isa = PBXFrameworksBuildPhase;
			buildActionMask = 2147483647;
			files = (
			);
			runOnlyForDeploymentPostprocessing = 0;
		};
		FB8345E623A1486D002B4B7E /* Frameworks */ = {
			isa = PBXFrameworksBuildPhase;
			buildActionMask = 2147483647;
			files = (
			);
			runOnlyForDeploymentPostprocessing = 0;
		};
/* End PBXFrameworksBuildPhase section */

/* Begin PBXGroup section */
		FB8345CA23A1486C002B4B7E = {
			isa = PBXGroup;
			children = (
				FB8345D523A1486C002B4B7E /* SwiftExtensions */,
				FB8345EC23A1486D002B4B7E /* SwiftExtensionsTests */,
				FB8345D423A1486C002B4B7E /* Products */,
			);
			sourceTree = "<group>";
		};
		FB8345D423A1486C002B4B7E /* Products */ = {
			isa = PBXGroup;
			children = (
				FB8345D323A1486C002B4B7E /* SwiftExtensions.app */,
				FB8345E923A1486D002B4B7E /* SwiftExtensionsTests.xctest */,
			);
			name = Products;
			sourceTree = "<group>";
		};
		FB8345D523A1486C002B4B7E /* SwiftExtensions */ = {
			isa = PBXGroup;
			children = (
				FB8345F923A14893002B4B7E /* Sources */,
				FB8345F823A14882002B4B7E /* Sample App */,
				FB8345E423A1486D002B4B7E /* Info.plist */,
			);
			path = SwiftExtensions;
			sourceTree = "<group>";
		};
		FB8345EC23A1486D002B4B7E /* SwiftExtensionsTests */ = {
			isa = PBXGroup;
			children = (
				FB8345ED23A1486D002B4B7E /* SwiftExtensionsTests.swift */,
				FB8345EF23A1486D002B4B7E /* Info.plist */,
			);
			path = SwiftExtensionsTests;
			sourceTree = "<group>";
		};
		FB8345F823A14882002B4B7E /* Sample App */ = {
			isa = PBXGroup;
			children = (
				FB8345D623A1486C002B4B7E /* AppDelegate.swift */,
				FB8345D823A1486C002B4B7E /* SceneDelegate.swift */,
				FB8345DA23A1486C002B4B7E /* ViewController.swift */,
				FB8345DC23A1486C002B4B7E /* Main.storyboard */,
				FB8345DF23A1486D002B4B7E /* Assets.xcassets */,
				FB8345E123A1486D002B4B7E /* LaunchScreen.storyboard */,
			);
			path = "Sample App";
			sourceTree = "<group>";
		};
		FB8345F923A14893002B4B7E /* Sources */ = {
			isa = PBXGroup;
			children = (
				FB8345FA23A14893002B4B7E /* SEHelpers */,
				FB8345FE23A14893002B4B7E /* UIKit */,
				FB83460423A14893002B4B7E /* Foundation */,
				FB83460623A14893002B4B7E /* SEElements */,
			);
			path = Sources;
			sourceTree = "<group>";
		};
		FB8345FA23A14893002B4B7E /* SEHelpers */ = {
			isa = PBXGroup;
			children = (
				FB8345FB23A14893002B4B7E /* SEKeyboardManager.swift */,
				FB8345FC23A14893002B4B7E /* SEAnimation.swift */,
				FB8345FD23A14893002B4B7E /* SEDebug.swift */,
			);
			path = SEHelpers;
			sourceTree = "<group>";
		};
		FB8345FE23A14893002B4B7E /* UIKit */ = {
			isa = PBXGroup;
			children = (
				FB8345FF23A14893002B4B7E /* UIView.swift */,
				FB83460023A14893002B4B7E /* UIColor.swift */,
				FB83460123A14893002B4B7E /* UITextField.swift */,
				FB83460223A14893002B4B7E /* UIViewController.swift */,
				FB83460323A14893002B4B7E /* UIApplication.swift */,
			);
			path = UIKit;
			sourceTree = "<group>";
		};
		FB83460423A14893002B4B7E /* Foundation */ = {
			isa = PBXGroup;
			children = (
				FB83460523A14893002B4B7E /* Date.swift */,
			);
			path = Foundation;
			sourceTree = "<group>";
		};
		FB83460623A14893002B4B7E /* SEElements */ = {
			isa = PBXGroup;
			children = (
				FB83460723A14893002B4B7E /* SETextField.swift */,
				FB83460823A14893002B4B7E /* SEButton.swift */,
			);
			path = SEElements;
			sourceTree = "<group>";
		};
/* End PBXGroup section */

/* Begin PBXNativeTarget section */
		FB8345D223A1486C002B4B7E /* SwiftExtensions */ = {
			isa = PBXNativeTarget;
			buildConfigurationList = FB8345F223A1486D002B4B7E /* Build configuration list for PBXNativeTarget "SwiftExtensions" */;
			buildPhases = (
				FB8345CF23A1486C002B4B7E /* Sources */,
				FB8345D023A1486C002B4B7E /* Frameworks */,
				FB8345D123A1486C002B4B7E /* Resources */,
			);
			buildRules = (
			);
			dependencies = (
			);
			name = SwiftExtensions;
			productName = SwiftExtensions;
			productReference = FB8345D323A1486C002B4B7E /* SwiftExtensions.app */;
			productType = "com.apple.product-type.application";
		};
		FB8345E823A1486D002B4B7E /* SwiftExtensionsTests */ = {
			isa = PBXNativeTarget;
			buildConfigurationList = FB8345F523A1486D002B4B7E /* Build configuration list for PBXNativeTarget "SwiftExtensionsTests" */;
			buildPhases = (
				FB8345E523A1486D002B4B7E /* Sources */,
				FB8345E623A1486D002B4B7E /* Frameworks */,
				FB8345E723A1486D002B4B7E /* Resources */,
			);
			buildRules = (
			);
			dependencies = (
				FB8345EB23A1486D002B4B7E /* PBXTargetDependency */,
			);
			name = SwiftExtensionsTests;
			productName = SwiftExtensionsTests;
			productReference = FB8345E923A1486D002B4B7E /* SwiftExtensionsTests.xctest */;
			productType = "com.apple.product-type.bundle.unit-test";
		};
/* End PBXNativeTarget section */

/* Begin PBXProject section */
		FB8345CB23A1486C002B4B7E /* Project object */ = {
			isa = PBXProject;
			attributes = {
				LastSwiftUpdateCheck = 1130;
				LastUpgradeCheck = 1130;
				ORGANIZATIONNAME = "Steven Syp";
				TargetAttributes = {
					FB8345D223A1486C002B4B7E = {
						CreatedOnToolsVersion = 11.3;
					};
					FB8345E823A1486D002B4B7E = {
						CreatedOnToolsVersion = 11.3;
						TestTargetID = FB8345D223A1486C002B4B7E;
					};
				};
			};
			buildConfigurationList = FB8345CE23A1486C002B4B7E /* Build configuration list for PBXProject "SwiftExtensions" */;
			compatibilityVersion = "Xcode 9.3";
			developmentRegion = en;
			hasScannedForEncodings = 0;
			knownRegions = (
				en,
				Base,
			);
			mainGroup = FB8345CA23A1486C002B4B7E;
			productRefGroup = FB8345D423A1486C002B4B7E /* Products */;
			projectDirPath = "";
			projectRoot = "";
			targets = (
				FB8345D223A1486C002B4B7E /* SwiftExtensions */,
				FB8345E823A1486D002B4B7E /* SwiftExtensionsTests */,
			);
		};
/* End PBXProject section */

/* Begin PBXResourcesBuildPhase section */
		FB8345D123A1486C002B4B7E /* Resources */ = {
			isa = PBXResourcesBuildPhase;
			buildActionMask = 2147483647;
			files = (
				FB8345E323A1486D002B4B7E /* LaunchScreen.storyboard in Resources */,
				FB8345E023A1486D002B4B7E /* Assets.xcassets in Resources */,
				FB8345DE23A1486C002B4B7E /* Main.storyboard in Resources */,
			);
			runOnlyForDeploymentPostprocessing = 0;
		};
		FB8345E723A1486D002B4B7E /* Resources */ = {
			isa = PBXResourcesBuildPhase;
			buildActionMask = 2147483647;
			files = (
			);
			runOnlyForDeploymentPostprocessing = 0;
		};
/* End PBXResourcesBuildPhase section */

/* Begin PBXSourcesBuildPhase section */
		FB8345CF23A1486C002B4B7E /* Sources */ = {
			isa = PBXSourcesBuildPhase;
			buildActionMask = 2147483647;
			files = (
				FB8345DB23A1486C002B4B7E /* ViewController.swift in Sources */,
				FB8345D723A1486C002B4B7E /* AppDelegate.swift in Sources */,
				FB83460E23A14893002B4B7E /* UITextField.swift in Sources */,
				FB83461023A14893002B4B7E /* UIApplication.swift in Sources */,
				FB83460A23A14893002B4B7E /* SEAnimation.swift in Sources */,
				FB83460F23A14893002B4B7E /* UIViewController.swift in Sources */,
				FB83460C23A14893002B4B7E /* UIView.swift in Sources */,
				FB83461323A14893002B4B7E /* SEButton.swift in Sources */,
				FB83461123A14893002B4B7E /* Date.swift in Sources */,
				FB83460B23A14893002B4B7E /* SEDebug.swift in Sources */,
				FB83461223A14893002B4B7E /* SETextField.swift in Sources */,
				FB83460D23A14893002B4B7E /* UIColor.swift in Sources */,
				FB83460923A14893002B4B7E /* SEKeyboardManager.swift in Sources */,
				FB8345D923A1486C002B4B7E /* SceneDelegate.swift in Sources */,
			);
			runOnlyForDeploymentPostprocessing = 0;
		};
		FB8345E523A1486D002B4B7E /* Sources */ = {
			isa = PBXSourcesBuildPhase;
			buildActionMask = 2147483647;
			files = (
				FB8345EE23A1486D002B4B7E /* SwiftExtensionsTests.swift in Sources */,
			);
			runOnlyForDeploymentPostprocessing = 0;
		};
/* End PBXSourcesBuildPhase section */

/* Begin PBXTargetDependency section */
		FB8345EB23A1486D002B4B7E /* PBXTargetDependency */ = {
			isa = PBXTargetDependency;
			target = FB8345D223A1486C002B4B7E /* SwiftExtensions */;
			targetProxy = FB8345EA23A1486D002B4B7E /* PBXContainerItemProxy */;
		};
/* End PBXTargetDependency section */

/* Begin PBXVariantGroup section */
		FB8345DC23A1486C002B4B7E /* Main.storyboard */ = {
			isa = PBXVariantGroup;
			children = (
				FB8345DD23A1486C002B4B7E /* Base */,
			);
			name = Main.storyboard;
			sourceTree = "<group>";
		};
		FB8345E123A1486D002B4B7E /* LaunchScreen.storyboard */ = {
			isa = PBXVariantGroup;
			children = (
				FB8345E223A1486D002B4B7E /* Base */,
			);
			name = LaunchScreen.storyboard;
			sourceTree = "<group>";
		};
/* End PBXVariantGroup section */

/* Begin XCBuildConfiguration section */
		FB8345F023A1486D002B4B7E /* Debug */ = {
			isa = XCBuildConfiguration;
			buildSettings = {
				ALWAYS_SEARCH_USER_PATHS = NO;
				CLANG_ANALYZER_NONNULL = YES;
				CLANG_ANALYZER_NUMBER_OBJECT_CONVERSION = YES_AGGRESSIVE;
				CLANG_CXX_LANGUAGE_STANDARD = "gnu++14";
				CLANG_CXX_LIBRARY = "libc++";
				CLANG_ENABLE_MODULES = YES;
				CLANG_ENABLE_OBJC_ARC = YES;
				CLANG_ENABLE_OBJC_WEAK = YES;
				CLANG_WARN_BLOCK_CAPTURE_AUTORELEASING = YES;
				CLANG_WARN_BOOL_CONVERSION = YES;
				CLANG_WARN_COMMA = YES;
				CLANG_WARN_CONSTANT_CONVERSION = YES;
				CLANG_WARN_DEPRECATED_OBJC_IMPLEMENTATIONS = YES;
				CLANG_WARN_DIRECT_OBJC_ISA_USAGE = YES_ERROR;
				CLANG_WARN_DOCUMENTATION_COMMENTS = YES;
				CLANG_WARN_EMPTY_BODY = YES;
				CLANG_WARN_ENUM_CONVERSION = YES;
				CLANG_WARN_INFINITE_RECURSION = YES;
				CLANG_WARN_INT_CONVERSION = YES;
				CLANG_WARN_NON_LITERAL_NULL_CONVERSION = YES;
				CLANG_WARN_OBJC_IMPLICIT_RETAIN_SELF = YES;
				CLANG_WARN_OBJC_LITERAL_CONVERSION = YES;
				CLANG_WARN_OBJC_ROOT_CLASS = YES_ERROR;
				CLANG_WARN_RANGE_LOOP_ANALYSIS = YES;
				CLANG_WARN_STRICT_PROTOTYPES = YES;
				CLANG_WARN_SUSPICIOUS_MOVE = YES;
				CLANG_WARN_UNGUARDED_AVAILABILITY = YES_AGGRESSIVE;
				CLANG_WARN_UNREACHABLE_CODE = YES;
				CLANG_WARN__DUPLICATE_METHOD_MATCH = YES;
				COPY_PHASE_STRIP = NO;
				DEBUG_INFORMATION_FORMAT = dwarf;
				ENABLE_STRICT_OBJC_MSGSEND = YES;
				ENABLE_TESTABILITY = YES;
				GCC_C_LANGUAGE_STANDARD = gnu11;
				GCC_DYNAMIC_NO_PIC = NO;
				GCC_NO_COMMON_BLOCKS = YES;
				GCC_OPTIMIZATION_LEVEL = 0;
				GCC_PREPROCESSOR_DEFINITIONS = (
					"DEBUG=1",
					"$(inherited)",
				);
				GCC_WARN_64_TO_32_BIT_CONVERSION = YES;
				GCC_WARN_ABOUT_RETURN_TYPE = YES_ERROR;
				GCC_WARN_UNDECLARED_SELECTOR = YES;
				GCC_WARN_UNINITIALIZED_AUTOS = YES_AGGRESSIVE;
				GCC_WARN_UNUSED_FUNCTION = YES;
				GCC_WARN_UNUSED_VARIABLE = YES;
				IPHONEOS_DEPLOYMENT_TARGET = 13.2;
				MTL_ENABLE_DEBUG_INFO = INCLUDE_SOURCE;
				MTL_FAST_MATH = YES;
				ONLY_ACTIVE_ARCH = YES;
				SDKROOT = iphoneos;
				SWIFT_ACTIVE_COMPILATION_CONDITIONS = DEBUG;
				SWIFT_OPTIMIZATION_LEVEL = "-Onone";
			};
			name = Debug;
		};
		FB8345F123A1486D002B4B7E /* Release */ = {
			isa = XCBuildConfiguration;
			buildSettings = {
				ALWAYS_SEARCH_USER_PATHS = NO;
				CLANG_ANALYZER_NONNULL = YES;
				CLANG_ANALYZER_NUMBER_OBJECT_CONVERSION = YES_AGGRESSIVE;
				CLANG_CXX_LANGUAGE_STANDARD = "gnu++14";
				CLANG_CXX_LIBRARY = "libc++";
				CLANG_ENABLE_MODULES = YES;
				CLANG_ENABLE_OBJC_ARC = YES;
				CLANG_ENABLE_OBJC_WEAK = YES;
				CLANG_WARN_BLOCK_CAPTURE_AUTORELEASING = YES;
				CLANG_WARN_BOOL_CONVERSION = YES;
				CLANG_WARN_COMMA = YES;
				CLANG_WARN_CONSTANT_CONVERSION = YES;
				CLANG_WARN_DEPRECATED_OBJC_IMPLEMENTATIONS = YES;
				CLANG_WARN_DIRECT_OBJC_ISA_USAGE = YES_ERROR;
				CLANG_WARN_DOCUMENTATION_COMMENTS = YES;
				CLANG_WARN_EMPTY_BODY = YES;
				CLANG_WARN_ENUM_CONVERSION = YES;
				CLANG_WARN_INFINITE_RECURSION = YES;
				CLANG_WARN_INT_CONVERSION = YES;
				CLANG_WARN_NON_LITERAL_NULL_CONVERSION = YES;
				CLANG_WARN_OBJC_IMPLICIT_RETAIN_SELF = YES;
				CLANG_WARN_OBJC_LITERAL_CONVERSION = YES;
				CLANG_WARN_OBJC_ROOT_CLASS = YES_ERROR;
				CLANG_WARN_RANGE_LOOP_ANALYSIS = YES;
				CLANG_WARN_STRICT_PROTOTYPES = YES;
				CLANG_WARN_SUSPICIOUS_MOVE = YES;
				CLANG_WARN_UNGUARDED_AVAILABILITY = YES_AGGRESSIVE;
				CLANG_WARN_UNREACHABLE_CODE = YES;
				CLANG_WARN__DUPLICATE_METHOD_MATCH = YES;
				COPY_PHASE_STRIP = NO;
				DEBUG_INFORMATION_FORMAT = "dwarf-with-dsym";
				ENABLE_NS_ASSERTIONS = NO;
				ENABLE_STRICT_OBJC_MSGSEND = YES;
				GCC_C_LANGUAGE_STANDARD = gnu11;
				GCC_NO_COMMON_BLOCKS = YES;
				GCC_WARN_64_TO_32_BIT_CONVERSION = YES;
				GCC_WARN_ABOUT_RETURN_TYPE = YES_ERROR;
				GCC_WARN_UNDECLARED_SELECTOR = YES;
				GCC_WARN_UNINITIALIZED_AUTOS = YES_AGGRESSIVE;
				GCC_WARN_UNUSED_FUNCTION = YES;
				GCC_WARN_UNUSED_VARIABLE = YES;
				IPHONEOS_DEPLOYMENT_TARGET = 13.2;
				MTL_ENABLE_DEBUG_INFO = NO;
				MTL_FAST_MATH = YES;
				SDKROOT = iphoneos;
				SWIFT_COMPILATION_MODE = wholemodule;
				SWIFT_OPTIMIZATION_LEVEL = "-O";
				VALIDATE_PRODUCT = YES;
			};
			name = Release;
		};
		FB8345F323A1486D002B4B7E /* Debug */ = {
			isa = XCBuildConfiguration;
			buildSettings = {
				ASSETCATALOG_COMPILER_APPICON_NAME = AppIcon;
				CODE_SIGN_STYLE = Automatic;
				DEVELOPMENT_TEAM = HPAGQY96X8;
				INFOPLIST_FILE = SwiftExtensions/Info.plist;
				LD_RUNPATH_SEARCH_PATHS = (
					"$(inherited)",
					"@executable_path/Frameworks",
				);
				PRODUCT_BUNDLE_IDENTIFIER = stevensyp.SwiftExtensions;
				PRODUCT_NAME = "$(TARGET_NAME)";
				SWIFT_VERSION = 5.0;
				TARGETED_DEVICE_FAMILY = "1,2";
			};
			name = Debug;
		};
		FB8345F423A1486D002B4B7E /* Release */ = {
			isa = XCBuildConfiguration;
			buildSettings = {
				ASSETCATALOG_COMPILER_APPICON_NAME = AppIcon;
				CODE_SIGN_STYLE = Automatic;
				DEVELOPMENT_TEAM = HPAGQY96X8;
				INFOPLIST_FILE = SwiftExtensions/Info.plist;
				LD_RUNPATH_SEARCH_PATHS = (
					"$(inherited)",
					"@executable_path/Frameworks",
				);
				PRODUCT_BUNDLE_IDENTIFIER = stevensyp.SwiftExtensions;
				PRODUCT_NAME = "$(TARGET_NAME)";
				SWIFT_VERSION = 5.0;
				TARGETED_DEVICE_FAMILY = "1,2";
			};
			name = Release;
		};
		FB8345F623A1486D002B4B7E /* Debug */ = {
			isa = XCBuildConfiguration;
			buildSettings = {
				ALWAYS_EMBED_SWIFT_STANDARD_LIBRARIES = YES;
				BUNDLE_LOADER = "$(TEST_HOST)";
				CODE_SIGN_STYLE = Automatic;
				DEVELOPMENT_TEAM = HPAGQY96X8;
				INFOPLIST_FILE = SwiftExtensionsTests/Info.plist;
				IPHONEOS_DEPLOYMENT_TARGET = 13.2;
				LD_RUNPATH_SEARCH_PATHS = (
					"$(inherited)",
					"@executable_path/Frameworks",
					"@loader_path/Frameworks",
				);
				PRODUCT_BUNDLE_IDENTIFIER = stevensyp.SwiftExtensionsTests;
				PRODUCT_NAME = "$(TARGET_NAME)";
				SWIFT_VERSION = 5.0;
				TARGETED_DEVICE_FAMILY = "1,2";
				TEST_HOST = "$(BUILT_PRODUCTS_DIR)/SwiftExtensions.app/SwiftExtensions";
			};
			name = Debug;
		};
		FB8345F723A1486D002B4B7E /* Release */ = {
			isa = XCBuildConfiguration;
			buildSettings = {
				ALWAYS_EMBED_SWIFT_STANDARD_LIBRARIES = YES;
				BUNDLE_LOADER = "$(TEST_HOST)";
				CODE_SIGN_STYLE = Automatic;
				DEVELOPMENT_TEAM = HPAGQY96X8;
				INFOPLIST_FILE = SwiftExtensionsTests/Info.plist;
				IPHONEOS_DEPLOYMENT_TARGET = 13.2;
				LD_RUNPATH_SEARCH_PATHS = (
					"$(inherited)",
					"@executable_path/Frameworks",
					"@loader_path/Frameworks",
				);
				PRODUCT_BUNDLE_IDENTIFIER = stevensyp.SwiftExtensionsTests;
				PRODUCT_NAME = "$(TARGET_NAME)";
				SWIFT_VERSION = 5.0;
				TARGETED_DEVICE_FAMILY = "1,2";
				TEST_HOST = "$(BUILT_PRODUCTS_DIR)/SwiftExtensions.app/SwiftExtensions";
			};
			name = Release;
		};
/* End XCBuildConfiguration section */

/* Begin XCConfigurationList section */
		FB8345CE23A1486C002B4B7E /* Build configuration list for PBXProject "SwiftExtensions" */ = {
			isa = XCConfigurationList;
			buildConfigurations = (
				FB8345F023A1486D002B4B7E /* Debug */,
				FB8345F123A1486D002B4B7E /* Release */,
			);
			defaultConfigurationIsVisible = 0;
			defaultConfigurationName = Release;
		};
		FB8345F223A1486D002B4B7E /* Build configuration list for PBXNativeTarget "SwiftExtensions" */ = {
			isa = XCConfigurationList;
			buildConfigurations = (
				FB8345F323A1486D002B4B7E /* Debug */,
				FB8345F423A1486D002B4B7E /* Release */,
			);
			defaultConfigurationIsVisible = 0;
			defaultConfigurationName = Release;
		};
		FB8345F523A1486D002B4B7E /* Build configuration list for PBXNativeTarget "SwiftExtensionsTests" */ = {
			isa = XCConfigurationList;
			buildConfigurations = (
				FB8345F623A1486D002B4B7E /* Debug */,
				FB8345F723A1486D002B4B7E /* Release */,
			);
			defaultConfigurationIsVisible = 0;
			defaultConfigurationName = Release;
		};
/* End XCConfigurationList section */
	};
	rootObject = FB8345CB23A1486C002B4B7E /* Project object */;
}
